// !$*UTF8*$!
{
	archiveVersion = 1;
	classes = {
	};
	objectVersion = 46;
	objects = {

/* Begin PBXBuildFile section */
		38C02E971B8C223800B68E5E /* AppDelegate.swift in Sources */ = {isa = PBXBuildFile; fileRef = 38C02E961B8C223800B68E5E /* AppDelegate.swift */; };
		38C02E991B8C223800B68E5E /* ViewController.swift in Sources */ = {isa = PBXBuildFile; fileRef = 38C02E981B8C223800B68E5E /* ViewController.swift */; };
		38C02E9C1B8C223800B68E5E /* Main.storyboard in Resources */ = {isa = PBXBuildFile; fileRef = 38C02E9A1B8C223800B68E5E /* Main.storyboard */; };
		38C02E9E1B8C223800B68E5E /* Assets.xcassets in Resources */ = {isa = PBXBuildFile; fileRef = 38C02E9D1B8C223800B68E5E /* Assets.xcassets */; };
		38C02EA11B8C223800B68E5E /* LaunchScreen.storyboard in Resources */ = {isa = PBXBuildFile; fileRef = 38C02E9F1B8C223800B68E5E /* LaunchScreen.storyboard */; };
		38C02EA91B8C226100B68E5E /* WOWVerticalAlignedLabel.swift in Sources */ = {isa = PBXBuildFile; fileRef = 38C02EA81B8C226100B68E5E /* WOWVerticalAlignedLabel.swift */; };
/* End PBXBuildFile section */

/* Begin PBXFileReference section */
		38C02E931B8C223800B68E5E /* WOWTopAlignedLable.app */ = {isa = PBXFileReference; explicitFileType = wrapper.application; includeInIndex = 0; path = WOWTopAlignedLable.app; sourceTree = BUILT_PRODUCTS_DIR; };
		38C02E961B8C223800B68E5E /* AppDelegate.swift */ = {isa = PBXFileReference; lastKnownFileType = sourcecode.swift; path = AppDelegate.swift; sourceTree = "<group>"; };
		38C02E981B8C223800B68E5E /* ViewController.swift */ = {isa = PBXFileReference; lastKnownFileType = sourcecode.swift; path = ViewController.swift; sourceTree = "<group>"; };
		38C02E9B1B8C223800B68E5E /* Base */ = {isa = PBXFileReference; lastKnownFileType = file.storyboard; name = Base; path = Base.lproj/Main.storyboard; sourceTree = "<group>"; };
		38C02E9D1B8C223800B68E5E /* Assets.xcassets */ = {isa = PBXFileReference; lastKnownFileType = folder.assetcatalog; path = Assets.xcassets; sourceTree = "<group>"; };
		38C02EA01B8C223800B68E5E /* Base */ = {isa = PBXFileReference; lastKnownFileType = file.storyboard; name = Base; path = Base.lproj/LaunchScreen.storyboard; sourceTree = "<group>"; };
		38C02EA21B8C223800B68E5E /* Info.plist */ = {isa = PBXFileReference; lastKnownFileType = text.plist.xml; path = Info.plist; sourceTree = "<group>"; };
		38C02EA81B8C226100B68E5E /* WOWVerticalAlignedLabel.swift */ = {isa = PBXFileReference; fileEncoding = 4; lastKnownFileType = sourcecode.swift; path = WOWVerticalAlignedLabel.swift; sourceTree = "<group>"; };
/* End PBXFileReference section */

/* Begin PBXFrameworksBuildPhase section */
		38C02E901B8C223800B68E5E /* Frameworks */ = {
			isa = PBXFrameworksBuildPhase;
			buildActionMask = 2147483647;
			files = (
			);
			runOnlyForDeploymentPostprocessing = 0;
		};
/* End PBXFrameworksBuildPhase section */

/* Begin PBXGroup section */
		38C02E8A1B8C223800B68E5E = {
			isa = PBXGroup;
			children = (
				38C02E951B8C223800B68E5E /* WOWTopAlignedLable */,
				38C02E941B8C223800B68E5E /* Products */,
			);
			sourceTree = "<group>";
		};
		38C02E941B8C223800B68E5E /* Products */ = {
			isa = PBXGroup;
			children = (
				38C02E931B8C223800B68E5E /* WOWTopAlignedLable.app */,
			);
			name = Products;
			sourceTree = "<group>";
		};
		38C02E951B8C223800B68E5E /* WOWTopAlignedLable */ = {
			isa = PBXGroup;
			children = (
				38C02E961B8C223800B68E5E /* AppDelegate.swift */,
				38C02E981B8C223800B68E5E /* ViewController.swift */,
				38C02E9A1B8C223800B68E5E /* Main.storyboard */,
				38C02E9D1B8C223800B68E5E /* Assets.xcassets */,
				38C02E9F1B8C223800B68E5E /* LaunchScreen.storyboard */,
				38C02EA21B8C223800B68E5E /* Info.plist */,
				38C02EA81B8C226100B68E5E /* WOWVerticalAlignedLabel.swift */,
			);
			path = WOWTopAlignedLable;
			sourceTree = "<group>";
		};
/* End PBXGroup section */

/* Begin PBXNativeTarget section */
		38C02E921B8C223800B68E5E /* WOWTopAlignedLable */ = {
			isa = PBXNativeTarget;
			buildConfigurationList = 38C02EA51B8C223800B68E5E /* Build configuration list for PBXNativeTarget "WOWTopAlignedLable" */;
			buildPhases = (
				38C02E8F1B8C223800B68E5E /* Sources */,
				38C02E901B8C223800B68E5E /* Frameworks */,
				38C02E911B8C223800B68E5E /* Resources */,
			);
			buildRules = (
			);
			dependencies = (
			);
			name = WOWTopAlignedLable;
			productName = WOWTopAlignedLable;
			productReference = 38C02E931B8C223800B68E5E /* WOWTopAlignedLable.app */;
			productType = "com.apple.product-type.application";
		};
/* End PBXNativeTarget section */

/* Begin PBXProject section */
		38C02E8B1B8C223800B68E5E /* Project object */ = {
			isa = PBXProject;
			attributes = {
				LastUpgradeCheck = 0700;
				ORGANIZATIONNAME = "Zhou Hao";
				TargetAttributes = {
					38C02E921B8C223800B68E5E = {
						CreatedOnToolsVersion = 7.0;
					};
				};
			};
			buildConfigurationList = 38C02E8E1B8C223800B68E5E /* Build configuration list for PBXProject "WOWTopAlignedLable" */;
			compatibilityVersion = "Xcode 3.2";
			developmentRegion = English;
			hasScannedForEncodings = 0;
			knownRegions = (
				en,
				Base,
			);
			mainGroup = 38C02E8A1B8C223800B68E5E;
			productRefGroup = 38C02E941B8C223800B68E5E /* Products */;
			projectDirPath = "";
			projectRoot = "";
			targets = (
				38C02E921B8C223800B68E5E /* WOWTopAlignedLable */,
			);
		};
/* End PBXProject section */

/* Begin PBXResourcesBuildPhase section */
		38C02E911B8C223800B68E5E /* Resources */ = {
			isa = PBXResourcesBuildPhase;
			buildActionMask = 2147483647;
			files = (
				38C02EA11B8C223800B68E5E /* LaunchScreen.storyboard in Resources */,
				38C02E9E1B8C223800B68E5E /* Assets.xcassets in Resources */,
				38C02E9C1B8C223800B68E5E /* Main.storyboard in Resources */,
			);
			runOnlyForDeploymentPostprocessing = 0;
		};
/* End PBXResourcesBuildPhase section */

/* Begin PBXSourcesBuildPhase section */
		38C02E8F1B8C223800B68E5E /* Sources */ = {
			isa = PBXSourcesBuildPhase;
			buildActionMask = 2147483647;
			files = (
				38C02EA91B8C226100B68E5E /* WOWVerticalAlignedLabel.swift in Sources */,
				38C02E991B8C223800B68E5E /* ViewController.swift in Sources */,
				38C02E971B8C223800B68E5E /* AppDelegate.swift in Sources */,
			);
			runOnlyForDeploymentPostprocessing = 0;
		};
/* End PBXSourcesBuildPhase section */

/* Begin PBXVariantGroup section */
		38C02E9A1B8C223800B68E5E /* Main.storyboard */ = {
			isa = PBXVariantGroup;
			children = (
				38C02E9B1B8C223800B68E5E /* Base */,
			);
			name = Main.storyboard;
			sourceTree = "<group>";
		};
		38C02E9F1B8C223800B68E5E /* LaunchScreen.storyboard */ = {
			isa = PBXVariantGroup;
			children = (
				38C02EA01B8C223800B68E5E /* Base */,
			);
			name = LaunchScreen.storyboard;
			sourceTree = "<group>";
		};
/* End PBXVariantGroup section */

/* Begin XCBuildConfiguration section */
		38C02EA31B8C223800B68E5E /* Debug */ = {
			isa = XCBuildConfiguration;
			buildSettings = {
				ALWAYS_SEARCH_USER_PATHS = NO;
				CLANG_CXX_LANGUAGE_STANDARD = "gnu++0x";
				CLANG_CXX_LIBRARY = "libc++";
				CLANG_ENABLE_MODULES = YES;
				CLANG_ENABLE_OBJC_ARC = YES;
				CLANG_WARN_BOOL_CONVERSION = YES;
				CLANG_WARN_CONSTANT_CONVERSION = YES;
				CLANG_WARN_DIRECT_OBJC_ISA_USAGE = YES_ERROR;
				CLANG_WARN_EMPTY_BODY = YES;
				CLANG_WARN_ENUM_CONVERSION = YES;
				CLANG_WARN_INT_CONVERSION = YES;
				CLANG_WARN_OBJC_ROOT_CLASS = YES_ERROR;
				CLANG_WARN_UNREACHABLE_CODE = YES;
				CLANG_WARN__DUPLICATE_METHOD_MATCH = YES;
				"CODE_SIGN_IDENTITY[sdk=iphoneos*]" = "iPhone Developer";
				COPY_PHASE_STRIP = NO;
				DEBUG_INFORMATION_FORMAT = dwarf;
				ENABLE_STRICT_OBJC_MSGSEND = YES;
				ENABLE_TESTABILITY = YES;
				GCC_C_LANGUAGE_STANDARD = gnu99;
				GCC_DYNAMIC_NO_PIC = NO;
				GCC_NO_COMMON_BLOCKS = YES;
				GCC_OPTIMIZATION_LEVEL = 0;
				GCC_PREPROCESSOR_DEFINITIONS = (
					"DEBUG=1",
					"$(inherited)",
				);
				GCC_WARN_64_TO_32_BIT_CONVERSION = YES;
				GCC_WARN_ABOUT_RETURN_TYPE = YES_ERROR;
				GCC_WARN_UNDECLARED_SELECTOR = YES;
				GCC_WARN_UNINITIALIZED_AUTOS = YES_AGGRESSIVE;
				GCC_WARN_UNUSED_FUNCTION = YES;
				GCC_WARN_UNUSED_VARIABLE = YES;
				IPHONEOS_DEPLOYMENT_TARGET = 9.0;
				MTL_ENABLE_DEBUG_INFO = YES;
				ONLY_ACTIVE_ARCH = YES;
				SDKROOT = iphoneos;
				SWIFT_OPTIMIZATION_LEVEL = "-Onone";
			};
			name = Debug;
		};
		38C02EA41B8C223800B68E5E /* Release */ = {
			isa = XCBuildConfiguration;
			buildSettings = {
				ALWAYS_SEARCH_USER_PATHS = NO;
				CLANG_CXX_LANGUAGE_STANDARD = "gnu++0x";
				CLANG_CXX_LIBRARY = "libc++";
				CLANG_ENABLE_MODULES = YES;
				CLANG_ENABLE_OBJC_ARC = YES;
				CLANG_WARN_BOOL_CONVERSION = YES;
				CLANG_WARN_CONSTANT_CONVERSION = YES;
				CLANG_WARN_DIRECT_OBJC_ISA_USAGE = YES_ERROR;
				CLANG_WARN_EMPTY_BODY = YES;
				CLANG_WARN_ENUM_CONVERSION = YES;
				CLANG_WARN_INT_CONVERSION = YES;
				CLANG_WARN_OBJC_ROOT_CLASS = YES_ERROR;
				CLANG_WARN_UNREACHABLE_CODE = YES;
				CLANG_WARN__DUPLICATE_METHOD_MATCH = YES;
				"CODE_SIGN_IDENTITY[sdk=iphoneos*]" = "iPhone Developer";
				COPY_PHASE_STRIP = NO;
				DEBUG_INFORMATION_FORMAT = "dwarf-with-dsym";
				ENABLE_NS_ASSERTIONS = NO;
				ENABLE_STRICT_OBJC_MSGSEND = YES;
				GCC_C_LANGUAGE_STANDARD = gnu99;
				GCC_NO_COMMON_BLOCKS = YES;
				GCC_WARN_64_TO_32_BIT_CONVERSION = YES;
				GCC_WARN_ABOUT_RETURN_TYPE = YES_ERROR;
				GCC_WARN_UNDECLARED_SELECTOR = YES;
				GCC_WARN_UNINITIALIZED_AUTOS = YES_AGGRESSIVE;
				GCC_WARN_UNUSED_FUNCTION = YES;
				GCC_WARN_UNUSED_VARIABLE = YES;
				IPHONEOS_DEPLOYMENT_TARGET = 9.0;
				MTL_ENABLE_DEBUG_INFO = NO;
				SDKROOT = iphoneos;
				VALIDATE_PRODUCT = YES;
			};
			name = Release;
		};
		38C02EA61B8C223800B68E5E /* Debug */ = {
			isa = XCBuildConfiguration;
			buildSettings = {
				ASSETCATALOG_COMPILER_APPICON_NAME = AppIcon;
				INFOPLIST_FILE = WOWTopAlignedLable/Info.plist;
				LD_RUNPATH_SEARCH_PATHS = "$(inherited) @executable_path/Frameworks";
				PRODUCT_BUNDLE_IDENTIFIER = com.wowtv.WOWTopAlignedLable;
				PRODUCT_NAME = "$(TARGET_NAME)";
			};
			name = Debug;
		};
		38C02EA71B8C223800B68E5E /* Release */ = {
			isa = XCBuildConfiguration;
			buildSettings = {
				ASSETCATALOG_COMPILER_APPICON_NAME = AppIcon;
				INFOPLIST_FILE = WOWTopAlignedLable/Info.plist;
				LD_RUNPATH_SEARCH_PATHS = "$(inherited) @executable_path/Frameworks";
				PRODUCT_BUNDLE_IDENTIFIER = com.wowtv.WOWTopAlignedLable;
				PRODUCT_NAME = "$(TARGET_NAME)";
			};
			name = Release;
		};
/* End XCBuildConfiguration section */

/* Begin XCConfigurationList section */
		38C02E8E1B8C223800B68E5E /* Build configuration list for PBXProject "WOWTopAlignedLable" */ = {
			isa = XCConfigurationList;
			buildConfigurations = (
				38C02EA31B8C223800B68E5E /* Debug */,
				38C02EA41B8C223800B68E5E /* Release */,
			);
			defaultConfigurationIsVisible = 0;
			defaultConfigurationName = Release;
		};
		38C02EA51B8C223800B68E5E /* Build configuration list for PBXNativeTarget "WOWTopAlignedLable" */ = {
			isa = XCConfigurationList;
			buildConfigurations = (
				38C02EA61B8C223800B68E5E /* Debug */,
				38C02EA71B8C223800B68E5E /* Release */,
			);
			defaultConfigurationIsVisible = 0;
		};
/* End XCConfigurationList section */
	};
	rootObject = 38C02E8B1B8C223800B68E5E /* Project object */;
}
